PODS:
  - OHHTTPStubs (9.1.0):
    - OHHTTPStubs/Default (= 9.1.0)
  - OHHTTPStubs/Core (9.1.0)
  - OHHTTPStubs/Default (9.1.0):
    - OHHTTPStubs/Core
    - OHHTTPStubs/JSON
    - OHHTTPStubs/NSURLSession
    - OHHTTPStubs/OHPathHelpers
  - OHHTTPStubs/JSON (9.1.0):
    - OHHTTPStubs/Core
  - OHHTTPStubs/NSURLSession (9.1.0):
    - OHHTTPStubs/Core
  - OHHTTPStubs/OHPathHelpers (9.1.0)

DEPENDENCIES:
  - OHHTTPStubs (from `../..`)

EXTERNAL SOURCES:
  OHHTTPStubs:
    :path: "../.."

SPEC CHECKSUMS:
  OHHTTPStubs: 96c5d91cc7a5888b8a0504300c49260292eb6274

PODFILE CHECKSUM: 720e77403c4fa62051d718bfb18b5df1087ca074

COCOAPODS: 1.11.3
